
Microsoft Visual Studio Solution File, Format Version 12.00
# Visual Studio Version 17
VisualStudioVersion = 17.6.33815.320
MinimumVisualStudioVersion = 10.0.40219.1
Project("{8BC9CEB8-8B4A-11D0-8D11-00A0C91BC942}") = "quake2-soft-sdl", "q2-soft-sdl.vcxproj", "{B47D7D9B-5A7F-46D4-9DB5-74DBE53CCF4D}"
EndProject
Project("{8BC9CEB8-8B4A-11D0-8D11-00A0C91BC942}") = "quake2-gl-sdl", "q2-gl-sdl.vcxproj", "{2611A7D8-97E3-4EB7-882B-C264268FC361}"
EndProject
Project("{8BC9CEB8-8B4A-11D0-8D11-00A0C91BC942}") = "quake2-soft-gdi", "q2-soft-gdi.vcxproj", "{2DA0A020-6D6C-48CD-9EAF-77411F99B0A2}"
EndProject
Global
	GlobalSection(SolutionConfigurationPlatforms) = preSolution
		Debug|x64 = Debug|x64
		Debug|x86 = Debug|x86
		Release|x64 = Release|x64
		Release|x86 = Release|x86
	EndGlobalSection
	GlobalSection(ProjectConfigurationPlatforms) = postSolution
		{B47D7D9B-5A7F-46D4-9DB5-74DBE53CCF4D}.Debug|x64.ActiveCfg = Debug|x64
		{B47D7D9B-5A7F-46D4-9DB5-74DBE53CCF4D}.Debug|x64.Build.0 = Debug|x64
		{B47D7D9B-5A7F-46D4-9DB5-74DBE53CCF4D}.Debug|x86.ActiveCfg = Debug|Win32
		{B47D7D9B-5A7F-46D4-9DB5-74DBE53CCF4D}.Debug|x86.Build.0 = Debug|Win32
		{B47D7D9B-5A7F-46D4-9DB5-74DBE53CCF4D}.Release|x64.ActiveCfg = Release|x64
		{B47D7D9B-5A7F-46D4-9DB5-74DBE53CCF4D}.Release|x64.Build.0 = Release|x64
		{B47D7D9B-5A7F-46D4-9DB5-74DBE53CCF4D}.Release|x86.ActiveCfg = Release|Win32
		{B47D7D9B-5A7F-46D4-9DB5-74DBE53CCF4D}.Release|x86.Build.0 = Release|Win32
		{2611A7D8-97E3-4EB7-882B-C264268FC361}.Debug|x64.ActiveCfg = Debug|x64
		{2611A7D8-97E3-4EB7-882B-C264268FC361}.Debug|x64.Build.0 = Debug|x64
		{2611A7D8-97E3-4EB7-882B-C264268FC361}.Debug|x86.ActiveCfg = Debug|Win32
		{2611A7D8-97E3-4EB7-882B-C264268FC361}.Debug|x86.Build.0 = Debug|Win32
		{2611A7D8-97E3-4EB7-882B-C264268FC361}.Release|x64.ActiveCfg = Release|x64
		{2611A7D8-97E3-4EB7-882B-C264268FC361}.Release|x64.Build.0 = Release|x64
		{2611A7D8-97E3-4EB7-882B-C264268FC361}.Release|x86.ActiveCfg = Release|Win32
		{2611A7D8-97E3-4EB7-882B-C264268FC361}.Release|x86.Build.0 = Release|Win32
		{2DA0A020-6D6C-48CD-9EAF-77411F99B0A2}.Debug|x64.ActiveCfg = Debug|x64
		{2DA0A020-6D6C-48CD-9EAF-77411F99B0A2}.Debug|x64.Build.0 = Debug|x64
		{2DA0A020-6D6C-48CD-9EAF-77411F99B0A2}.Debug|x86.ActiveCfg = Debug|Win32
		{2DA0A020-6D6C-48CD-9EAF-77411F99B0A2}.Debug|x86.Build.0 = Debug|Win32
		{2DA0A020-6D6C-48CD-9EAF-77411F99B0A2}.Release|x64.ActiveCfg = Release|x64
		{2DA0A020-6D6C-48CD-9EAF-77411F99B0A2}.Release|x64.Build.0 = Release|x64
		{2DA0A020-6D6C-48CD-9EAF-77411F99B0A2}.Release|x86.ActiveCfg = Release|Win32
		{2DA0A020-6D6C-48CD-9EAF-77411F99B0A2}.Release|x86.Build.0 = Release|Win32
	EndGlobalSection
	GlobalSection(SolutionProperties) = preSolution
		HideSolutionNode = FALSE
	EndGlobalSection
	GlobalSection(ExtensibilityGlobals) = postSolution
		SolutionGuid = {CD4E34C6-5D8D-4245-9049-D4EE7F8A780B}
	EndGlobalSection
EndGlobal
